
Microsoft Visual Studio Solution File, Format Version 12.00
# Visual Studio Version 17
VisualStudioVersion = 17.14.36623.8
MinimumVisualStudioVersion = 10.0.40219.1
Project("{2150E333-8FDC-42A3-9474-1A3956D46DE8}") = "src", "src", "{02EA681E-C7D8-13C7-8484-4AC65E1B71E8}"
EndProject
Project("{2150E333-8FDC-42A3-9474-1A3956D46DE8}") = "Day-01", "Day-01", "{17E6F181-BF01-4D06-BAB2-9D24C48485EB}"
EndProject
Project("{FAE04EC0-301F-11D3-BF4B-00C04F79EFBC}") = "Day-01", "day-01\Day-01.csproj", "{85DA0ABF-C6A1-402A-A46F-0E0ABB51584C}"
EndProject
Project("{2150E333-8FDC-42A3-9474-1A3956D46DE8}") = "Day-02", "Day-02", "{DA799BE0-B141-487B-B965-132FFC969647}"
EndProject
Project("{FAE04EC0-301F-11D3-BF4B-00C04F79EFBC}") = "Day-02", "Day-02\Day-02.csproj", "{A17B1F0B-645C-4800-96C9-10B2E4C2E047}"
EndProject
Project("{2150E333-8FDC-42A3-9474-1A3956D46DE8}") = "Day-03", "Day-03", "{D8B15B91-FF5A-46B5-BD77-AE3DF543D661}"
EndProject
Project("{FAE04EC0-301F-11D3-BF4B-00C04F79EFBC}") = "Day-03", "Day-03\Day-03.csproj", "{7ADBCF4B-B109-4452-88DD-F3D7DF882372}"
EndProject
Project("{2150E333-8FDC-42A3-9474-1A3956D46DE8}") = "Day-04", "Day-04", "{9AA51F54-BD02-4A0E-823D-7921960036DC}"
EndProject
Project("{FAE04EC0-301F-11D3-BF4B-00C04F79EFBC}") = "Day-04", "Day-04\Day-04.csproj", "{529F08F3-5C36-4C68-8335-8D2FB349EE55}"
EndProject
Project("{2150E333-8FDC-42A3-9474-1A3956D46DE8}") = "Day-05", "Day-05", "{6DA58E75-7202-4C92-9BC0-7E96B73778BB}"
EndProject
Project("{FAE04EC0-301F-11D3-BF4B-00C04F79EFBC}") = "Day-05", "Day-05\Day-05.csproj", "{54A9D432-3D97-4275-BD85-462CA5C9BCC7}"
EndProject
Project("{2150E333-8FDC-42A3-9474-1A3956D46DE8}") = "Day-06", "Day-06", "{D72E93C9-63BB-44D0-AFE5-1224E1340BE3}"
EndProject
Project("{FAE04EC0-301F-11D3-BF4B-00C04F79EFBC}") = "Day-06", "Day-06\Day-06.csproj", "{3DCD7FB2-9F96-48C3-8024-DEB2161E68C7}"
EndProject
Project("{2150E333-8FDC-42A3-9474-1A3956D46DE8}") = "Day-07", "Day-07", "{A5E90387-0277-4CBE-9379-81F60E7189AC}"
EndProject
Project("{FAE04EC0-301F-11D3-BF4B-00C04F79EFBC}") = "Day-07", "Day-07\Day-07.csproj", "{B54FCEB0-9D69-42D1-BE1C-7FF8AFC2B1CD}"
EndProject
Project("{2150E333-8FDC-42A3-9474-1A3956D46DE8}") = "Day-08", "Day-08", "{BE6F2726-EA9B-487C-A42E-03AB00C56EBA}"
EndProject
Project("{FAE04EC0-301F-11D3-BF4B-00C04F79EFBC}") = "Day-08", "Day-08\Day-08.csproj", "{E24F9C7B-708C-46E2-8C8A-6A594B527349}"
EndProject
Project("{2150E333-8FDC-42A3-9474-1A3956D46DE8}") = "Day-09", "Day-09", "{C516F7A8-3373-4F79-BC29-047E996AE884}"
EndProject
Project("{FAE04EC0-301F-11D3-BF4B-00C04F79EFBC}") = "Day-09", "Day-09\Day-09.csproj", "{5D000522-B239-4B2A-A646-8B1316CAE39B}"
EndProject
Project("{2150E333-8FDC-42A3-9474-1A3956D46DE8}") = "Day-10", "Day-10", "{1CB25EC8-8043-4DCE-9273-1C01FE199368}"
EndProject
Project("{FAE04EC0-301F-11D3-BF4B-00C04F79EFBC}") = "Day-10", "Day-10\Day-10.csproj", "{B6AB14B0-21BC-4690-9414-57A42A3A5F50}"
EndProject
Project("{2150E333-8FDC-42A3-9474-1A3956D46DE8}") = "Day-11", "Day-11", "{02AD4688-B354-409D-840F-5E77F24088A2}"
EndProject
Project("{FAE04EC0-301F-11D3-BF4B-00C04F79EFBC}") = "Day-11", "Day-11\Day-11.csproj", "{A41246D2-2AE4-4AA8-AE60-CA9371E3CCF1}"
EndProject
Global
	GlobalSection(SolutionConfigurationPlatforms) = preSolution
		Debug|Any CPU = Debug|Any CPU
		Release|Any CPU = Release|Any CPU
	EndGlobalSection
	GlobalSection(ProjectConfigurationPlatforms) = postSolution
		{85DA0ABF-C6A1-402A-A46F-0E0ABB51584C}.Debug|Any CPU.ActiveCfg = Debug|Any CPU
		{85DA0ABF-C6A1-402A-A46F-0E0ABB51584C}.Debug|Any CPU.Build.0 = Debug|Any CPU
		{85DA0ABF-C6A1-402A-A46F-0E0ABB51584C}.Release|Any CPU.ActiveCfg = Release|Any CPU
		{85DA0ABF-C6A1-402A-A46F-0E0ABB51584C}.Release|Any CPU.Build.0 = Release|Any CPU
		{A17B1F0B-645C-4800-96C9-10B2E4C2E047}.Debug|Any CPU.ActiveCfg = Debug|Any CPU
		{A17B1F0B-645C-4800-96C9-10B2E4C2E047}.Debug|Any CPU.Build.0 = Debug|Any CPU
		{A17B1F0B-645C-4800-96C9-10B2E4C2E047}.Release|Any CPU.ActiveCfg = Release|Any CPU
		{A17B1F0B-645C-4800-96C9-10B2E4C2E047}.Release|Any CPU.Build.0 = Release|Any CPU
		{7ADBCF4B-B109-4452-88DD-F3D7DF882372}.Debug|Any CPU.ActiveCfg = Debug|Any CPU
		{7ADBCF4B-B109-4452-88DD-F3D7DF882372}.Debug|Any CPU.Build.0 = Debug|Any CPU
		{7ADBCF4B-B109-4452-88DD-F3D7DF882372}.Release|Any CPU.ActiveCfg = Release|Any CPU
		{7ADBCF4B-B109-4452-88DD-F3D7DF882372}.Release|Any CPU.Build.0 = Release|Any CPU
		{529F08F3-5C36-4C68-8335-8D2FB349EE55}.Debug|Any CPU.ActiveCfg = Debug|Any CPU
		{529F08F3-5C36-4C68-8335-8D2FB349EE55}.Debug|Any CPU.Build.0 = Debug|Any CPU
		{529F08F3-5C36-4C68-8335-8D2FB349EE55}.Release|Any CPU.ActiveCfg = Release|Any CPU
		{529F08F3-5C36-4C68-8335-8D2FB349EE55}.Release|Any CPU.Build.0 = Release|Any CPU
		{54A9D432-3D97-4275-BD85-462CA5C9BCC7}.Debug|Any CPU.ActiveCfg = Debug|Any CPU
		{54A9D432-3D97-4275-BD85-462CA5C9BCC7}.Debug|Any CPU.Build.0 = Debug|Any CPU
		{54A9D432-3D97-4275-BD85-462CA5C9BCC7}.Release|Any CPU.ActiveCfg = Release|Any CPU
		{54A9D432-3D97-4275-BD85-462CA5C9BCC7}.Release|Any CPU.Build.0 = Release|Any CPU
		{3DCD7FB2-9F96-48C3-8024-DEB2161E68C7}.Debug|Any CPU.ActiveCfg = Debug|Any CPU
		{3DCD7FB2-9F96-48C3-8024-DEB2161E68C7}.Debug|Any CPU.Build.0 = Debug|Any CPU
		{3DCD7FB2-9F96-48C3-8024-DEB2161E68C7}.Release|Any CPU.ActiveCfg = Release|Any CPU
		{3DCD7FB2-9F96-48C3-8024-DEB2161E68C7}.Release|Any CPU.Build.0 = Release|Any CPU
		{B54FCEB0-9D69-42D1-BE1C-7FF8AFC2B1CD}.Debug|Any CPU.ActiveCfg = Debug|Any CPU
		{B54FCEB0-9D69-42D1-BE1C-7FF8AFC2B1CD}.Debug|Any CPU.Build.0 = Debug|Any CPU
		{B54FCEB0-9D69-42D1-BE1C-7FF8AFC2B1CD}.Release|Any CPU.ActiveCfg = Release|Any CPU
		{B54FCEB0-9D69-42D1-BE1C-7FF8AFC2B1CD}.Release|Any CPU.Build.0 = Release|Any CPU
		{E24F9C7B-708C-46E2-8C8A-6A594B527349}.Debug|Any CPU.ActiveCfg = Debug|Any CPU
		{E24F9C7B-708C-46E2-8C8A-6A594B527349}.Debug|Any CPU.Build.0 = Debug|Any CPU
		{E24F9C7B-708C-46E2-8C8A-6A594B527349}.Release|Any CPU.ActiveCfg = Release|Any CPU
		{E24F9C7B-708C-46E2-8C8A-6A594B527349}.Release|Any CPU.Build.0 = Release|Any CPU
		{5D000522-B239-4B2A-A646-8B1316CAE39B}.Debug|Any CPU.ActiveCfg = Debug|Any CPU
		{5D000522-B239-4B2A-A646-8B1316CAE39B}.Debug|Any CPU.Build.0 = Debug|Any CPU
		{5D000522-B239-4B2A-A646-8B1316CAE39B}.Release|Any CPU.ActiveCfg = Release|Any CPU
		{5D000522-B239-4B2A-A646-8B1316CAE39B}.Release|Any CPU.Build.0 = Release|Any CPU
		{B6AB14B0-21BC-4690-9414-57A42A3A5F50}.Debug|Any CPU.ActiveCfg = Debug|Any CPU
		{B6AB14B0-21BC-4690-9414-57A42A3A5F50}.Debug|Any CPU.Build.0 = Debug|Any CPU
		{B6AB14B0-21BC-4690-9414-57A42A3A5F50}.Release|Any CPU.ActiveCfg = Release|Any CPU
		{B6AB14B0-21BC-4690-9414-57A42A3A5F50}.Release|Any CPU.Build.0 = Release|Any CPU
		{A41246D2-2AE4-4AA8-AE60-CA9371E3CCF1}.Debug|Any CPU.ActiveCfg = Debug|Any CPU
		{A41246D2-2AE4-4AA8-AE60-CA9371E3CCF1}.Debug|Any CPU.Build.0 = Debug|Any CPU
		{A41246D2-2AE4-4AA8-AE60-CA9371E3CCF1}.Release|Any CPU.ActiveCfg = Release|Any CPU
		{A41246D2-2AE4-4AA8-AE60-CA9371E3CCF1}.Release|Any CPU.Build.0 = Release|Any CPU
	EndGlobalSection
	GlobalSection(SolutionProperties) = preSolution
		HideSolutionNode = FALSE
	EndGlobalSection
	GlobalSection(NestedProjects) = preSolution
		{17E6F181-BF01-4D06-BAB2-9D24C48485EB} = {02EA681E-C7D8-13C7-8484-4AC65E1B71E8}
		{85DA0ABF-C6A1-402A-A46F-0E0ABB51584C} = {17E6F181-BF01-4D06-BAB2-9D24C48485EB}
		{DA799BE0-B141-487B-B965-132FFC969647} = {02EA681E-C7D8-13C7-8484-4AC65E1B71E8}
		{A17B1F0B-645C-4800-96C9-10B2E4C2E047} = {DA799BE0-B141-487B-B965-132FFC969647}
		{D8B15B91-FF5A-46B5-BD77-AE3DF543D661} = {02EA681E-C7D8-13C7-8484-4AC65E1B71E8}
		{7ADBCF4B-B109-4452-88DD-F3D7DF882372} = {D8B15B91-FF5A-46B5-BD77-AE3DF543D661}
		{9AA51F54-BD02-4A0E-823D-7921960036DC} = {02EA681E-C7D8-13C7-8484-4AC65E1B71E8}
		{529F08F3-5C36-4C68-8335-8D2FB349EE55} = {9AA51F54-BD02-4A0E-823D-7921960036DC}
		{6DA58E75-7202-4C92-9BC0-7E96B73778BB} = {02EA681E-C7D8-13C7-8484-4AC65E1B71E8}
		{54A9D432-3D97-4275-BD85-462CA5C9BCC7} = {6DA58E75-7202-4C92-9BC0-7E96B73778BB}
		{D72E93C9-63BB-44D0-AFE5-1224E1340BE3} = {02EA681E-C7D8-13C7-8484-4AC65E1B71E8}
		{3DCD7FB2-9F96-48C3-8024-DEB2161E68C7} = {D72E93C9-63BB-44D0-AFE5-1224E1340BE3}
		{A5E90387-0277-4CBE-9379-81F60E7189AC} = {02EA681E-C7D8-13C7-8484-4AC65E1B71E8}
		{B54FCEB0-9D69-42D1-BE1C-7FF8AFC2B1CD} = {A5E90387-0277-4CBE-9379-81F60E7189AC}
		{BE6F2726-EA9B-487C-A42E-03AB00C56EBA} = {02EA681E-C7D8-13C7-8484-4AC65E1B71E8}
		{E24F9C7B-708C-46E2-8C8A-6A594B527349} = {BE6F2726-EA9B-487C-A42E-03AB00C56EBA}
		{C516F7A8-3373-4F79-BC29-047E996AE884} = {02EA681E-C7D8-13C7-8484-4AC65E1B71E8}
		{5D000522-B239-4B2A-A646-8B1316CAE39B} = {C516F7A8-3373-4F79-BC29-047E996AE884}
		{1CB25EC8-8043-4DCE-9273-1C01FE199368} = {02EA681E-C7D8-13C7-8484-4AC65E1B71E8}
		{B6AB14B0-21BC-4690-9414-57A42A3A5F50} = {1CB25EC8-8043-4DCE-9273-1C01FE199368}
		{02AD4688-B354-409D-840F-5E77F24088A2} = {02EA681E-C7D8-13C7-8484-4AC65E1B71E8}
		{A41246D2-2AE4-4AA8-AE60-CA9371E3CCF1} = {02AD4688-B354-409D-840F-5E77F24088A2}
	EndGlobalSection
	GlobalSection(ExtensibilityGlobals) = postSolution
		SolutionGuid = {98A68995-007E-4459-963F-F058F1B0F328}
	EndGlobalSection
EndGlobal
