
Microsoft Visual Studio Solution File, Format Version 12.00
# Visual Studio Version 17
VisualStudioVersion = 17.14.36623.8
MinimumVisualStudioVersion = 10.0.40219.1
Project("{2150E333-8FDC-42A3-9474-1A3956D46DE8}") = "src", "src", "{02EA681E-C7D8-13C7-8484-4AC65E1B71E8}"
EndProject
Project("{2150E333-8FDC-42A3-9474-1A3956D46DE8}") = "Day-01", "Day-01", "{17E6F181-BF01-4D06-BAB2-9D24C48485EB}"
EndProject
Project("{FAE04EC0-301F-11D3-BF4B-00C04F79EFBC}") = "Day-01", "day-01\Day-01.csproj", "{85DA0ABF-C6A1-402A-A46F-0E0ABB51584C}"
EndProject
Project("{2150E333-8FDC-42A3-9474-1A3956D46DE8}") = "Day-02", "Day-02", "{DA799BE0-B141-487B-B965-132FFC969647}"
EndProject
Project("{FAE04EC0-301F-11D3-BF4B-00C04F79EFBC}") = "Day-02", "Day-02\Day-02.csproj", "{A17B1F0B-645C-4800-96C9-10B2E4C2E047}"
EndProject
Project("{2150E333-8FDC-42A3-9474-1A3956D46DE8}") = "Day-03", "Day-03", "{D8B15B91-FF5A-46B5-BD77-AE3DF543D661}"
EndProject
Project("{FAE04EC0-301F-11D3-BF4B-00C04F79EFBC}") = "Day-03", "Day-03\Day-03.csproj", "{7ADBCF4B-B109-4452-88DD-F3D7DF882372}"
EndProject
Project("{2150E333-8FDC-42A3-9474-1A3956D46DE8}") = "Day-04", "Day-04", "{9AA51F54-BD02-4A0E-823D-7921960036DC}"
EndProject
Project("{FAE04EC0-301F-11D3-BF4B-00C04F79EFBC}") = "Day-04", "Day-04\Day-04.csproj", "{529F08F3-5C36-4C68-8335-8D2FB349EE55}"
EndProject
Global
	GlobalSection(SolutionConfigurationPlatforms) = preSolution
		Debug|Any CPU = Debug|Any CPU
		Release|Any CPU = Release|Any CPU
	EndGlobalSection
	GlobalSection(ProjectConfigurationPlatforms) = postSolution
		{85DA0ABF-C6A1-402A-A46F-0E0ABB51584C}.Debug|Any CPU.ActiveCfg = Debug|Any CPU
		{85DA0ABF-C6A1-402A-A46F-0E0ABB51584C}.Debug|Any CPU.Build.0 = Debug|Any CPU
		{85DA0ABF-C6A1-402A-A46F-0E0ABB51584C}.Release|Any CPU.ActiveCfg = Release|Any CPU
		{85DA0ABF-C6A1-402A-A46F-0E0ABB51584C}.Release|Any CPU.Build.0 = Release|Any CPU
		{A17B1F0B-645C-4800-96C9-10B2E4C2E047}.Debug|Any CPU.ActiveCfg = Debug|Any CPU
		{A17B1F0B-645C-4800-96C9-10B2E4C2E047}.Debug|Any CPU.Build.0 = Debug|Any CPU
		{A17B1F0B-645C-4800-96C9-10B2E4C2E047}.Release|Any CPU.ActiveCfg = Release|Any CPU
		{A17B1F0B-645C-4800-96C9-10B2E4C2E047}.Release|Any CPU.Build.0 = Release|Any CPU
		{7ADBCF4B-B109-4452-88DD-F3D7DF882372}.Debug|Any CPU.ActiveCfg = Debug|Any CPU
		{7ADBCF4B-B109-4452-88DD-F3D7DF882372}.Debug|Any CPU.Build.0 = Debug|Any CPU
		{7ADBCF4B-B109-4452-88DD-F3D7DF882372}.Release|Any CPU.ActiveCfg = Release|Any CPU
		{7ADBCF4B-B109-4452-88DD-F3D7DF882372}.Release|Any CPU.Build.0 = Release|Any CPU
		{529F08F3-5C36-4C68-8335-8D2FB349EE55}.Debug|Any CPU.ActiveCfg = Debug|Any CPU
		{529F08F3-5C36-4C68-8335-8D2FB349EE55}.Debug|Any CPU.Build.0 = Debug|Any CPU
		{529F08F3-5C36-4C68-8335-8D2FB349EE55}.Release|Any CPU.ActiveCfg = Release|Any CPU
		{529F08F3-5C36-4C68-8335-8D2FB349EE55}.Release|Any CPU.Build.0 = Release|Any CPU
	EndGlobalSection
	GlobalSection(SolutionProperties) = preSolution
		HideSolutionNode = FALSE
	EndGlobalSection
	GlobalSection(NestedProjects) = preSolution
		{17E6F181-BF01-4D06-BAB2-9D24C48485EB} = {02EA681E-C7D8-13C7-8484-4AC65E1B71E8}
		{85DA0ABF-C6A1-402A-A46F-0E0ABB51584C} = {17E6F181-BF01-4D06-BAB2-9D24C48485EB}
		{DA799BE0-B141-487B-B965-132FFC969647} = {02EA681E-C7D8-13C7-8484-4AC65E1B71E8}
		{A17B1F0B-645C-4800-96C9-10B2E4C2E047} = {DA799BE0-B141-487B-B965-132FFC969647}
		{D8B15B91-FF5A-46B5-BD77-AE3DF543D661} = {02EA681E-C7D8-13C7-8484-4AC65E1B71E8}
		{7ADBCF4B-B109-4452-88DD-F3D7DF882372} = {D8B15B91-FF5A-46B5-BD77-AE3DF543D661}
		{9AA51F54-BD02-4A0E-823D-7921960036DC} = {02EA681E-C7D8-13C7-8484-4AC65E1B71E8}
		{529F08F3-5C36-4C68-8335-8D2FB349EE55} = {9AA51F54-BD02-4A0E-823D-7921960036DC}
	EndGlobalSection
	GlobalSection(ExtensibilityGlobals) = postSolution
		SolutionGuid = {98A68995-007E-4459-963F-F058F1B0F328}
	EndGlobalSection
EndGlobal
